<?xml version="1.0" encoding="utf-8"?>
<Project ToolsVersion="4.0" xmlns="http://schemas.microsoft.com/developer/msbuild/2003">
  <ItemGroup>
    <Filter Include="win32">
      <UniqueIdentifier>{84a8ebd7-7cf0-47f6-b75e-d441df67da40}</UniqueIdentifier>
    </Filter>
    <Filter Include="resource">
      <UniqueIdentifier>{715254bc-d70b-4ec5-bf29-467dd3ace079}</UniqueIdentifier>
    </Filter>
    <Filter Include="src">
      <UniqueIdentifier>{bb6c862e-70e9-49d9-81b7-3829a6f50471}</UniqueIdentifier>
    </Filter>
    <Filter Include="src\menu">
      <UniqueIdentifier>{78839f3a-535c-4e7e-82d0-8dbe816f65b7}</UniqueIdentifier>
    </Filter>
    <Filter Include="src\game">
      <UniqueIdentifier>{7c81721f-2cc2-467e-bbbf-a5ae37ab7d64}</UniqueIdentifier>
    </Filter>
    <Filter Include="src\loading">
      <UniqueIdentifier>{bb2fd2b5-3664-4a03-ab1c-f02f387e6700}</UniqueIdentifier>
    </Filter>
    <Filter Include="src\entity">
      <UniqueIdentifier>{6b21e5df-08ca-42aa-ae3c-405fdfbd5eee}</UniqueIdentifier>
    </Filter>
    <Filter Include="src\util">
      <UniqueIdentifier>{7769cd1f-cfe8-41b1-9511-f8408c802f9a}</UniqueIdentifier>
    </Filter>
    <Filter Include="src\effect3d">
      <UniqueIdentifier>{cae10945-49f0-4b57-9f77-be72dadbffdf}</UniqueIdentifier>
    </Filter>
    <Filter Include="src\effects">
      <UniqueIdentifier>{578d331e-86df-47c0-aca7-eb0d81bc8afa}</UniqueIdentifier>
    </Filter>
    <Filter Include="src\controller">
      <UniqueIdentifier>{715aa00d-27f9-43da-89ad-96e5873db424}</UniqueIdentifier>
    </Filter>
  </ItemGroup>
  <ItemGroup>
    <ClCompile Include="main.cpp">
      <Filter>win32</Filter>
    </ClCompile>
    <ClCompile Include="..\Classes\AppDelegate.cpp" />
    <ClCompile Include="..\Classes\HelloWorldScene.cpp" />
    <ClCompile Include="..\Classes\src\menu\MainMenuScene.cpp">
      <Filter>src\menu</Filter>
    </ClCompile>
    <ClCompile Include="..\Classes\src\entity\AirCraft.cpp">
      <Filter>src\entity</Filter>
    </ClCompile>
    <ClCompile Include="..\Classes\src\entity\Enemies.cpp">
      <Filter>src\entity</Filter>
    </ClCompile>
    <ClCompile Include="..\Classes\src\entity\GameEntity.cpp">
      <Filter>src\entity</Filter>
    </ClCompile>
    <ClCompile Include="..\Classes\src\entity\Plane.cpp">
      <Filter>src\entity</Filter>
    </ClCompile>
    <ClCompile Include="..\Classes\src\entity\Player.cpp">
      <Filter>src\entity</Filter>
    </ClCompile>
    <ClCompile Include="..\Classes\src\util\publicApi.cpp">
      <Filter>src\util</Filter>
    </ClCompile>
    <ClCompile Include="..\Classes\src\entity\Bullets.cpp">
      <Filter>src\entity</Filter>
    </ClCompile>
    <ClCompile Include="..\Classes\src\effect3d\Sprite3DEffect.cpp">
      <Filter>src\effect3d</Filter>
    </ClCompile>
    <ClCompile Include="..\Classes\src\effects\EffectManager.cpp">
      <Filter>src\effects</Filter>
    </ClCompile>
    <ClCompile Include="..\Classes\src\effects\ParticleManager.cpp">
      <Filter>src\effects</Filter>
    </ClCompile>
    <ClCompile Include="..\Classes\src\effects\Explosion.cpp">
      <Filter>src\effects</Filter>
    </ClCompile>
    <ClCompile Include="..\Classes\src\game\GameScene.cpp">
      <Filter>src\game</Filter>
    </ClCompile>
    <ClCompile Include="..\Classes\src\game\GameLayer.cpp">
      <Filter>src\game</Filter>
    </ClCompile>
    <ClCompile Include="..\Classes\src\game\GameOverLayer.cpp">
      <Filter>src\game</Filter>
    </ClCompile>
    <ClCompile Include="..\Classes\src\controller\GameController.cpp">
      <Filter>src\controller</Filter>
    </ClCompile>
    <ClCompile Include="..\Classes\src\loading\LoadingScene.cpp">
      <Filter>src\loading</Filter>
    </ClCompile>
  </ItemGroup>
  <ItemGroup>
    <ClInclude Include="main.h">
      <Filter>win32</Filter>
    </ClInclude>
    <ClInclude Include="..\Classes\AppDelegate.h" />
    <ClInclude Include="..\Classes\HelloWorldScene.h" />
    <ClInclude Include="..\Classes\src\menu\MainMenuScene.h">
      <Filter>src\menu</Filter>
    </ClInclude>
    <ClInclude Include="..\Classes\src\entity\AirCraft.h">
      <Filter>src\entity</Filter>
    </ClInclude>
    <ClInclude Include="..\Classes\src\entity\Enemies.h">
      <Filter>src\entity</Filter>
    </ClInclude>
    <ClInclude Include="..\Classes\src\entity\GameEntity.h">
      <Filter>src\entity</Filter>
    </ClInclude>
    <ClInclude Include="..\Classes\src\entity\Plane.h">
      <Filter>src\entity</Filter>
    </ClInclude>
    <ClInclude Include="..\Classes\src\entity\Player.h">
      <Filter>src\entity</Filter>
    </ClInclude>
    <ClInclude Include="..\Classes\src\util\publicApi.h">
      <Filter>src\util</Filter>
    </ClInclude>
    <ClInclude Include="..\Classes\src\entity\Bullets.h">
      <Filter>src\entity</Filter>
    </ClInclude>
    <ClInclude Include="..\Classes\src\util\consts.h">
      <Filter>src\util</Filter>
    </ClInclude>
    <ClInclude Include="..\Classes\src\effect3d\Sprite3DEffect.h">
      <Filter>src\effect3d</Filter>
    </ClInclude>
    <ClInclude Include="..\Classes\src\effects\EffectManager.h">
      <Filter>src\effects</Filter>
    </ClInclude>
    <ClInclude Include="..\Classes\src\effects\ParticleManager.h">
      <Filter>src\effects</Filter>
    </ClInclude>
    <ClInclude Include="..\Classes\src\effects\Explosion.h">
      <Filter>src\effects</Filter>
    </ClInclude>
    <ClInclude Include="..\Classes\src\game\GameScene.h">
      <Filter>src\game</Filter>
    </ClInclude>
    <ClInclude Include="..\Classes\src\game\GameLayer.h">
      <Filter>src\game</Filter>
    </ClInclude>
    <ClInclude Include="..\Classes\src\game\GameOverLayer.h">
      <Filter>src\game</Filter>
    </ClInclude>
    <ClInclude Include="..\Classes\src\controller\GameController.h">
      <Filter>src\controller</Filter>
    </ClInclude>
    <ClInclude Include="..\Classes\src\loading\LoadingScene.h">
      <Filter>src\loading</Filter>
    </ClInclude>
  </ItemGroup>
  <ItemGroup>
    <ResourceCompile Include="game.rc">
      <Filter>resource</Filter>
    </ResourceCompile>
  </ItemGroup>
</Project>